
Microsoft Visual Studio Solution File, Format Version 12.00
# Visual Studio Version 17
VisualStudioVersion = 17.4.33213.308
MinimumVisualStudioVersion = 10.0.40219.1
Project("{FAE04EC0-301F-11D3-BF4B-00C04F79EFBC}") = "Tictactoe-with-loginsystem", "Tictactoe-with-loginsystem\Tictactoe-with-loginsystem.csproj", "{83EF0925-274A-4E3E-94F8-4C1D508209F1}"
EndProject
Global
	GlobalSection(SolutionConfigurationPlatforms) = preSolution
		Debug|Any CPU = Debug|Any CPU
		Release|Any CPU = Release|Any CPU
	EndGlobalSection
	GlobalSection(ProjectConfigurationPlatforms) = postSolution
		{83EF0925-274A-4E3E-94F8-4C1D508209F1}.Debug|Any CPU.ActiveCfg = Debug|Any CPU
		{83EF0925-274A-4E3E-94F8-4C1D508209F1}.Debug|Any CPU.Build.0 = Debug|Any CPU
		{83EF0925-274A-4E3E-94F8-4C1D508209F1}.Release|Any CPU.ActiveCfg = Release|Any CPU
		{83EF0925-274A-4E3E-94F8-4C1D508209F1}.Release|Any CPU.Build.0 = Release|Any CPU
	EndGlobalSection
	GlobalSection(SolutionProperties) = preSolution
		HideSolutionNode = FALSE
	EndGlobalSection
	GlobalSection(ExtensibilityGlobals) = postSolution
		SolutionGuid = {2D94A971-685B-4696-8A6A-76FA6A4FDE74}
	EndGlobalSection
EndGlobal
